// !$*UTF8*$!
{
	archiveVersion = 1;
	classes = {
	};
	objectVersion = 56;
	objects = {

/* Begin PBXBuildFile section */
		375ADDDA2A82ABA2008198AE /* CustomTabBarViewController.swift in Sources */ = {isa = PBXBuildFile; fileRef = 375ADDD92A82ABA2008198AE /* CustomTabBarViewController.swift */; };
		375ADDDC2A838479008198AE /* TabBarViewController.swift in Sources */ = {isa = PBXBuildFile; fileRef = 375ADDDB2A838479008198AE /* TabBarViewController.swift */; };
		377474A72A804BCB00E3FB7C /* AppDelegate.swift in Sources */ = {isa = PBXBuildFile; fileRef = 377474A62A804BCB00E3FB7C /* AppDelegate.swift */; };
		377474A92A804BCB00E3FB7C /* SceneDelegate.swift in Sources */ = {isa = PBXBuildFile; fileRef = 377474A82A804BCB00E3FB7C /* SceneDelegate.swift */; };
		377474AB2A804BCB00E3FB7C /* ViewController.swift in Sources */ = {isa = PBXBuildFile; fileRef = 377474AA2A804BCB00E3FB7C /* ViewController.swift */; };
		377474AE2A804BCB00E3FB7C /* Main.storyboard in Resources */ = {isa = PBXBuildFile; fileRef = 377474AC2A804BCB00E3FB7C /* Main.storyboard */; };
		377474B02A804BCD00E3FB7C /* Assets.xcassets in Resources */ = {isa = PBXBuildFile; fileRef = 377474AF2A804BCD00E3FB7C /* Assets.xcassets */; };
		377474B32A804BCD00E3FB7C /* LaunchScreen.storyboard in Resources */ = {isa = PBXBuildFile; fileRef = 377474B12A804BCD00E3FB7C /* LaunchScreen.storyboard */; };
		377474BC2A804C2600E3FB7C /* AuthViewController.swift in Sources */ = {isa = PBXBuildFile; fileRef = 377474BB2A804C2600E3FB7C /* AuthViewController.swift */; };
		377474C02A804C6900E3FB7C /* AuthViewControllerViewModel.swift in Sources */ = {isa = PBXBuildFile; fileRef = 377474BF2A804C6900E3FB7C /* AuthViewControllerViewModel.swift */; };
		37EF1CD52A8F66EE008997C6 /* Constants.swift in Sources */ = {isa = PBXBuildFile; fileRef = 37EF1CD42A8F66EE008997C6 /* Constants.swift */; };
		770F746D2B225618005D2585 /* AddPhotoViewController.swift in Sources */ = {isa = PBXBuildFile; fileRef = 770F746C2B225617005D2585 /* AddPhotoViewController.swift */; };
		770F74822B225AB7005D2585 /* e-Ukraine-Bold.otf in Resources */ = {isa = PBXBuildFile; fileRef = 770F74722B2256B2005D2585 /* e-Ukraine-Bold.otf */; };
		770F74832B225ABB005D2585 /* e-Ukraine-Light.otf in Resources */ = {isa = PBXBuildFile; fileRef = 770F74742B2256B2005D2585 /* e-Ukraine-Light.otf */; };
		770F74842B225ABE005D2585 /* e-Ukraine-Medium.otf in Resources */ = {isa = PBXBuildFile; fileRef = 770F746F2B2256B2005D2585 /* e-Ukraine-Medium.otf */; };
		770F74852B225AC1005D2585 /* e-Ukraine-Regular.otf in Resources */ = {isa = PBXBuildFile; fileRef = 770F74702B2256B2005D2585 /* e-Ukraine-Regular.otf */; };
		770F74862B225AC3005D2585 /* e-Ukraine-Thin.otf in Resources */ = {isa = PBXBuildFile; fileRef = 770F74712B2256B2005D2585 /* e-Ukraine-Thin.otf */; };
		770F74872B225AC5005D2585 /* e-Ukraine-UltraLight.otf in Resources */ = {isa = PBXBuildFile; fileRef = 770F74732B2256B2005D2585 /* e-Ukraine-UltraLight.otf */; };
		770F74892B23ADBB005D2585 /* AddPhotoViewController+PHPicker.swift in Sources */ = {isa = PBXBuildFile; fileRef = 770F74882B23ADBB005D2585 /* AddPhotoViewController+PHPicker.swift */; };
		773364E32B31E1BF0025DD09 /* CategoryBalanceViewController.swift in Sources */ = {isa = PBXBuildFile; fileRef = 773364E22B31E1BF0025DD09 /* CategoryBalanceViewController.swift */; };
		774C2E442B51A9A700FF3733 /* Localizable.strings in Resources */ = {isa = PBXBuildFile; fileRef = 774C2E462B51A9A700FF3733 /* Localizable.strings */; };
		774C2E6C2B5AD01A00FF3733 /* Localized.swift in Sources */ = {isa = PBXBuildFile; fileRef = 774C2E6B2B5AD01A00FF3733 /* Localized.swift */; };
		774C2E722B60468100FF3733 /* UIButton+Extensions.swift in Sources */ = {isa = PBXBuildFile; fileRef = 774C2E712B60468100FF3733 /* UIButton+Extensions.swift */; };
		777074BC2B48B839003AE060 /* ProfilePhotoManager.swift in Sources */ = {isa = PBXBuildFile; fileRef = 777074BB2B48B838003AE060 /* ProfilePhotoManager.swift */; };
		77A524BB2B2E434C00DB3ECD /* UIViewController+Preview.swift in Sources */ = {isa = PBXBuildFile; fileRef = 77A524BA2B2E434C00DB3ECD /* UIViewController+Preview.swift */; };
/* End PBXBuildFile section */

/* Begin PBXFileReference section */
		375ADDD92A82ABA2008198AE /* CustomTabBarViewController.swift */ = {isa = PBXFileReference; lastKnownFileType = sourcecode.swift; path = CustomTabBarViewController.swift; sourceTree = "<group>"; };
		375ADDDB2A838479008198AE /* TabBarViewController.swift */ = {isa = PBXFileReference; lastKnownFileType = sourcecode.swift; path = TabBarViewController.swift; sourceTree = "<group>"; };
		377474A32A804BCB00E3FB7C /* Balancy.app */ = {isa = PBXFileReference; explicitFileType = wrapper.application; includeInIndex = 0; path = Balancy.app; sourceTree = BUILT_PRODUCTS_DIR; };
		377474A62A804BCB00E3FB7C /* AppDelegate.swift */ = {isa = PBXFileReference; lastKnownFileType = sourcecode.swift; path = AppDelegate.swift; sourceTree = "<group>"; };
		377474A82A804BCB00E3FB7C /* SceneDelegate.swift */ = {isa = PBXFileReference; lastKnownFileType = sourcecode.swift; path = SceneDelegate.swift; sourceTree = "<group>"; };
		377474AA2A804BCB00E3FB7C /* ViewController.swift */ = {isa = PBXFileReference; lastKnownFileType = sourcecode.swift; path = ViewController.swift; sourceTree = "<group>"; };
		377474AD2A804BCB00E3FB7C /* Base */ = {isa = PBXFileReference; lastKnownFileType = file.storyboard; name = Base; path = Base.lproj/Main.storyboard; sourceTree = "<group>"; };
		377474AF2A804BCD00E3FB7C /* Assets.xcassets */ = {isa = PBXFileReference; lastKnownFileType = folder.assetcatalog; path = Assets.xcassets; sourceTree = "<group>"; };
		377474B22A804BCD00E3FB7C /* Base */ = {isa = PBXFileReference; lastKnownFileType = file.storyboard; name = Base; path = Base.lproj/LaunchScreen.storyboard; sourceTree = "<group>"; };
		377474B42A804BCD00E3FB7C /* Info.plist */ = {isa = PBXFileReference; lastKnownFileType = text.plist.xml; path = Info.plist; sourceTree = "<group>"; };
		377474BB2A804C2600E3FB7C /* AuthViewController.swift */ = {isa = PBXFileReference; lastKnownFileType = sourcecode.swift; path = AuthViewController.swift; sourceTree = "<group>"; };
		377474BF2A804C6900E3FB7C /* AuthViewControllerViewModel.swift */ = {isa = PBXFileReference; lastKnownFileType = sourcecode.swift; path = AuthViewControllerViewModel.swift; sourceTree = "<group>"; };
		37EF1CD42A8F66EE008997C6 /* Constants.swift */ = {isa = PBXFileReference; lastKnownFileType = sourcecode.swift; path = Constants.swift; sourceTree = "<group>"; };
		770F746C2B225617005D2585 /* AddPhotoViewController.swift */ = {isa = PBXFileReference; lastKnownFileType = sourcecode.swift; path = AddPhotoViewController.swift; sourceTree = "<group>"; };
		770F746F2B2256B2005D2585 /* e-Ukraine-Medium.otf */ = {isa = PBXFileReference; lastKnownFileType = file; path = "e-Ukraine-Medium.otf"; sourceTree = "<group>"; };
		770F74702B2256B2005D2585 /* e-Ukraine-Regular.otf */ = {isa = PBXFileReference; lastKnownFileType = file; path = "e-Ukraine-Regular.otf"; sourceTree = "<group>"; };
		770F74712B2256B2005D2585 /* e-Ukraine-Thin.otf */ = {isa = PBXFileReference; lastKnownFileType = file; path = "e-Ukraine-Thin.otf"; sourceTree = "<group>"; };
		770F74722B2256B2005D2585 /* e-Ukraine-Bold.otf */ = {isa = PBXFileReference; lastKnownFileType = file; path = "e-Ukraine-Bold.otf"; sourceTree = "<group>"; };
		770F74732B2256B2005D2585 /* e-Ukraine-UltraLight.otf */ = {isa = PBXFileReference; lastKnownFileType = file; path = "e-Ukraine-UltraLight.otf"; sourceTree = "<group>"; };
		770F74742B2256B2005D2585 /* e-Ukraine-Light.otf */ = {isa = PBXFileReference; lastKnownFileType = file; path = "e-Ukraine-Light.otf"; sourceTree = "<group>"; };
		770F74882B23ADBB005D2585 /* AddPhotoViewController+PHPicker.swift */ = {isa = PBXFileReference; lastKnownFileType = sourcecode.swift; path = "AddPhotoViewController+PHPicker.swift"; sourceTree = "<group>"; };
		773364E22B31E1BF0025DD09 /* CategoryBalanceViewController.swift */ = {isa = PBXFileReference; lastKnownFileType = sourcecode.swift; path = CategoryBalanceViewController.swift; sourceTree = "<group>"; };
		774C2E472B51A9B600FF3733 /* uk */ = {isa = PBXFileReference; lastKnownFileType = text.plist.strings; name = uk; path = uk.lproj/Localizable.strings; sourceTree = "<group>"; };
		774C2E6B2B5AD01A00FF3733 /* Localized.swift */ = {isa = PBXFileReference; lastKnownFileType = sourcecode.swift; path = Localized.swift; sourceTree = "<group>"; };
		774C2E712B60468100FF3733 /* UIButton+Extensions.swift */ = {isa = PBXFileReference; lastKnownFileType = sourcecode.swift; path = "UIButton+Extensions.swift"; sourceTree = "<group>"; };
		777074BB2B48B838003AE060 /* ProfilePhotoManager.swift */ = {isa = PBXFileReference; lastKnownFileType = sourcecode.swift; path = ProfilePhotoManager.swift; sourceTree = "<group>"; };
		77A524BA2B2E434C00DB3ECD /* UIViewController+Preview.swift */ = {isa = PBXFileReference; lastKnownFileType = sourcecode.swift; path = "UIViewController+Preview.swift"; sourceTree = "<group>"; };
/* End PBXFileReference section */

/* Begin PBXFrameworksBuildPhase section */
		377474A02A804BCB00E3FB7C /* Frameworks */ = {
			isa = PBXFrameworksBuildPhase;
			buildActionMask = 2147483647;
			files = (
			);
			runOnlyForDeploymentPostprocessing = 0;
		};
/* End PBXFrameworksBuildPhase section */

/* Begin PBXGroup section */
		049B99352ABD2F4D008A07D7 /* ViewModels */ = {
			isa = PBXGroup;
			children = (
				377474BF2A804C6900E3FB7C /* AuthViewControllerViewModel.swift */,
			);
			path = ViewModels;
			sourceTree = "<group>";
		};
		04E2DA5C2A9EAC0700EF9C24 /* Resources */ = {
			isa = PBXGroup;
			children = (
				377474A62A804BCB00E3FB7C /* AppDelegate.swift */,
				377474A82A804BCB00E3FB7C /* SceneDelegate.swift */,
				377474AC2A804BCB00E3FB7C /* Main.storyboard */,
				377474AF2A804BCD00E3FB7C /* Assets.xcassets */,
				377474B12A804BCD00E3FB7C /* LaunchScreen.storyboard */,
			);
			path = Resources;
			sourceTree = "<group>";
		};
		04E2DA5D2A9EAC5600EF9C24 /* Controllers */ = {
			isa = PBXGroup;
			children = (
				375ADDD92A82ABA2008198AE /* CustomTabBarViewController.swift */,
				375ADDDB2A838479008198AE /* TabBarViewController.swift */,
				377474AA2A804BCB00E3FB7C /* ViewController.swift */,
				377474BA2A804BF100E3FB7C /* Auth */,
			);
			path = Controllers;
			sourceTree = "<group>";
		};
		3774749A2A804BCB00E3FB7C = {
			isa = PBXGroup;
			children = (
				377474A52A804BCB00E3FB7C /* Balancyй */,
				377474A42A804BCB00E3FB7C /* Products */,
			);
			sourceTree = "<group>";
		};
		377474A42A804BCB00E3FB7C /* Products */ = {
			isa = PBXGroup;
			children = (
				377474A32A804BCB00E3FB7C /* Balancy.app */,
			);
			name = Products;
			sourceTree = "<group>";
		};
		377474A52A804BCB00E3FB7C /* Balancyй */ = {
			isa = PBXGroup;
			children = (
				770F746A2B2255F0005D2585 /* UserSettings */,
				049B99352ABD2F4D008A07D7 /* ViewModels */,
				04E2DA5D2A9EAC5600EF9C24 /* Controllers */,
				37EF1CD32A8F66C9008997C6 /* Models */,
				77A524B92B2E42F100DB3ECD /* Extensions */,
				770F746E2B225663005D2585 /* Fonts */,
				04E2DA5C2A9EAC0700EF9C24 /* Resources */,
				377474B42A804BCD00E3FB7C /* Info.plist */,
				774C2E462B51A9A700FF3733 /* Localizable.strings */,
			);
			path = "Balancyй";
			sourceTree = "<group>";
		};
		377474BA2A804BF100E3FB7C /* Auth */ = {
			isa = PBXGroup;
			children = (
				377474BB2A804C2600E3FB7C /* AuthViewController.swift */,
			);
			path = Auth;
			sourceTree = "<group>";
		};
		37EF1CD32A8F66C9008997C6 /* Models */ = {
			isa = PBXGroup;
			children = (
				37EF1CD42A8F66EE008997C6 /* Constants.swift */,
			);
			path = Models;
			sourceTree = "<group>";
		};
		770F746A2B2255F0005D2585 /* UserSettings */ = {
			isa = PBXGroup;
			children = (
				777074BD2B4C7B37003AE060 /* CategoryBalance */,
				777866142B482DDF00134443 /* ImagePicking */,
			);
			path = UserSettings;
			sourceTree = "<group>";
		};
		770F746B2B2255FB005D2585 /* Views */ = {
			isa = PBXGroup;
			children = (
				770F746C2B225617005D2585 /* AddPhotoViewController.swift */,
				770F74882B23ADBB005D2585 /* AddPhotoViewController+PHPicker.swift */,
			);
			path = Views;
			sourceTree = "<group>";
		};
		770F746E2B225663005D2585 /* Fonts */ = {
			isa = PBXGroup;
			children = (
				770F74722B2256B2005D2585 /* e-Ukraine-Bold.otf */,
				770F74742B2256B2005D2585 /* e-Ukraine-Light.otf */,
				770F746F2B2256B2005D2585 /* e-Ukraine-Medium.otf */,
				770F74702B2256B2005D2585 /* e-Ukraine-Regular.otf */,
				770F74712B2256B2005D2585 /* e-Ukraine-Thin.otf */,
				770F74732B2256B2005D2585 /* e-Ukraine-UltraLight.otf */,
			);
			path = Fonts;
			sourceTree = "<group>";
		};
		777074BA2B48B824003AE060 /* Helpers */ = {
			isa = PBXGroup;
			children = (
				777074BB2B48B838003AE060 /* ProfilePhotoManager.swift */,
				774C2E6B2B5AD01A00FF3733 /* Localized.swift */,
			);
			path = Helpers;
			sourceTree = "<group>";
		};
		777074BD2B4C7B37003AE060 /* CategoryBalance */ = {
			isa = PBXGroup;
			children = (
				777074BE2B4C7B4C003AE060 /* Views */,
			);
			path = CategoryBalance;
			sourceTree = "<group>";
		};
		777074BE2B4C7B4C003AE060 /* Views */ = {
			isa = PBXGroup;
			children = (
				773364E22B31E1BF0025DD09 /* CategoryBalanceViewController.swift */,
			);
			path = Views;
			sourceTree = "<group>";
		};
		777866142B482DDF00134443 /* ImagePicking */ = {
			isa = PBXGroup;
			children = (
				770F746B2B2255FB005D2585 /* Views */,
				777074BA2B48B824003AE060 /* Helpers */,
			);
			path = ImagePicking;
			sourceTree = "<group>";
		};
		77A524B92B2E42F100DB3ECD /* Extensions */ = {
			isa = PBXGroup;
			children = (
				77A524BA2B2E434C00DB3ECD /* UIViewController+Preview.swift */,
				774C2E712B60468100FF3733 /* UIButton+Extensions.swift */,
			);
			path = Extensions;
			sourceTree = "<group>";
		};
/* End PBXGroup section */

/* Begin PBXNativeTarget section */
		377474A22A804BCB00E3FB7C /* Balancy */ = {
			isa = PBXNativeTarget;
			buildConfigurationList = 377474B72A804BCD00E3FB7C /* Build configuration list for PBXNativeTarget "Balancy" */;
			buildPhases = (
				3774749F2A804BCB00E3FB7C /* Sources */,
				377474A02A804BCB00E3FB7C /* Frameworks */,
				377474A12A804BCB00E3FB7C /* Resources */,
			);
			buildRules = (
			);
			dependencies = (
			);
			name = Balancy;
			productName = "Balancyй";
			productReference = 377474A32A804BCB00E3FB7C /* Balancy.app */;
			productType = "com.apple.product-type.application";
		};
/* End PBXNativeTarget section */

/* Begin PBXProject section */
		3774749B2A804BCB00E3FB7C /* Project object */ = {
			isa = PBXProject;
			attributes = {
				BuildIndependentTargetsInParallel = 1;
				LastSwiftUpdateCheck = 1420;
				LastUpgradeCheck = 1420;
				TargetAttributes = {
					377474A22A804BCB00E3FB7C = {
						CreatedOnToolsVersion = 14.2;
					};
				};
			};
			buildConfigurationList = 3774749E2A804BCB00E3FB7C /* Build configuration list for PBXProject "Balancy" */;
			compatibilityVersion = "Xcode 14.0";
			developmentRegion = uk;
			hasScannedForEncodings = 0;
			knownRegions = (
				Base,
				uk,
			);
			mainGroup = 3774749A2A804BCB00E3FB7C;
			productRefGroup = 377474A42A804BCB00E3FB7C /* Products */;
			projectDirPath = "";
			projectRoot = "";
			targets = (
				377474A22A804BCB00E3FB7C /* Balancy */,
			);
		};
/* End PBXProject section */

/* Begin PBXResourcesBuildPhase section */
		377474A12A804BCB00E3FB7C /* Resources */ = {
			isa = PBXResourcesBuildPhase;
			buildActionMask = 2147483647;
			files = (
				770F74852B225AC1005D2585 /* e-Ukraine-Regular.otf in Resources */,
				770F74822B225AB7005D2585 /* e-Ukraine-Bold.otf in Resources */,
				770F74872B225AC5005D2585 /* e-Ukraine-UltraLight.otf in Resources */,
				770F74862B225AC3005D2585 /* e-Ukraine-Thin.otf in Resources */,
				377474B32A804BCD00E3FB7C /* LaunchScreen.storyboard in Resources */,
				774C2E442B51A9A700FF3733 /* Localizable.strings in Resources */,
				770F74842B225ABE005D2585 /* e-Ukraine-Medium.otf in Resources */,
				377474B02A804BCD00E3FB7C /* Assets.xcassets in Resources */,
				770F74832B225ABB005D2585 /* e-Ukraine-Light.otf in Resources */,
				377474AE2A804BCB00E3FB7C /* Main.storyboard in Resources */,
			);
			runOnlyForDeploymentPostprocessing = 0;
		};
/* End PBXResourcesBuildPhase section */

/* Begin PBXSourcesBuildPhase section */
		3774749F2A804BCB00E3FB7C /* Sources */ = {
			isa = PBXSourcesBuildPhase;
			buildActionMask = 2147483647;
			files = (
				377474BC2A804C2600E3FB7C /* AuthViewController.swift in Sources */,
				777074BC2B48B839003AE060 /* ProfilePhotoManager.swift in Sources */,
				377474AB2A804BCB00E3FB7C /* ViewController.swift in Sources */,
				375ADDDA2A82ABA2008198AE /* CustomTabBarViewController.swift in Sources */,
				377474C02A804C6900E3FB7C /* AuthViewControllerViewModel.swift in Sources */,
				375ADDDC2A838479008198AE /* TabBarViewController.swift in Sources */,
				377474A72A804BCB00E3FB7C /* AppDelegate.swift in Sources */,
				774C2E6C2B5AD01A00FF3733 /* Localized.swift in Sources */,
				377474A92A804BCB00E3FB7C /* SceneDelegate.swift in Sources */,
				77A524BB2B2E434C00DB3ECD /* UIViewController+Preview.swift in Sources */,
				770F74892B23ADBB005D2585 /* AddPhotoViewController+PHPicker.swift in Sources */,
				773364E32B31E1BF0025DD09 /* CategoryBalanceViewController.swift in Sources */,
				770F746D2B225618005D2585 /* AddPhotoViewController.swift in Sources */,
				774C2E722B60468100FF3733 /* UIButton+Extensions.swift in Sources */,
				37EF1CD52A8F66EE008997C6 /* Constants.swift in Sources */,
			);
			runOnlyForDeploymentPostprocessing = 0;
		};
/* End PBXSourcesBuildPhase section */

/* Begin PBXVariantGroup section */
		377474AC2A804BCB00E3FB7C /* Main.storyboard */ = {
			isa = PBXVariantGroup;
			children = (
				377474AD2A804BCB00E3FB7C /* Base */,
			);
			name = Main.storyboard;
			sourceTree = "<group>";
		};
		377474B12A804BCD00E3FB7C /* LaunchScreen.storyboard */ = {
			isa = PBXVariantGroup;
			children = (
				377474B22A804BCD00E3FB7C /* Base */,
			);
			name = LaunchScreen.storyboard;
			sourceTree = "<group>";
		};
		774C2E462B51A9A700FF3733 /* Localizable.strings */ = {
			isa = PBXVariantGroup;
			children = (
				774C2E472B51A9B600FF3733 /* uk */,
			);
			name = Localizable.strings;
			sourceTree = "<group>";
		};
/* End PBXVariantGroup section */

/* Begin XCBuildConfiguration section */
		377474B52A804BCD00E3FB7C /* Debug */ = {
			isa = XCBuildConfiguration;
			buildSettings = {
				ALWAYS_SEARCH_USER_PATHS = NO;
				CLANG_ANALYZER_LOCALIZABILITY_NONLOCALIZED = YES;
				CLANG_ANALYZER_NONNULL = YES;
				CLANG_ANALYZER_NUMBER_OBJECT_CONVERSION = YES_AGGRESSIVE;
				CLANG_CXX_LANGUAGE_STANDARD = "gnu++20";
				CLANG_ENABLE_MODULES = YES;
				CLANG_ENABLE_OBJC_ARC = YES;
				CLANG_ENABLE_OBJC_WEAK = YES;
				CLANG_WARN_BLOCK_CAPTURE_AUTORELEASING = YES;
				CLANG_WARN_BOOL_CONVERSION = YES;
				CLANG_WARN_COMMA = YES;
				CLANG_WARN_CONSTANT_CONVERSION = YES;
				CLANG_WARN_DEPRECATED_OBJC_IMPLEMENTATIONS = YES;
				CLANG_WARN_DIRECT_OBJC_ISA_USAGE = YES_ERROR;
				CLANG_WARN_DOCUMENTATION_COMMENTS = YES;
				CLANG_WARN_EMPTY_BODY = YES;
				CLANG_WARN_ENUM_CONVERSION = YES;
				CLANG_WARN_INFINITE_RECURSION = YES;
				CLANG_WARN_INT_CONVERSION = YES;
				CLANG_WARN_NON_LITERAL_NULL_CONVERSION = YES;
				CLANG_WARN_OBJC_IMPLICIT_RETAIN_SELF = YES;
				CLANG_WARN_OBJC_LITERAL_CONVERSION = YES;
				CLANG_WARN_OBJC_ROOT_CLASS = YES_ERROR;
				CLANG_WARN_QUOTED_INCLUDE_IN_FRAMEWORK_HEADER = YES;
				CLANG_WARN_RANGE_LOOP_ANALYSIS = YES;
				CLANG_WARN_STRICT_PROTOTYPES = YES;
				CLANG_WARN_SUSPICIOUS_MOVE = YES;
				CLANG_WARN_UNGUARDED_AVAILABILITY = YES_AGGRESSIVE;
				CLANG_WARN_UNREACHABLE_CODE = YES;
				CLANG_WARN__DUPLICATE_METHOD_MATCH = YES;
				COPY_PHASE_STRIP = NO;
				DEBUG_INFORMATION_FORMAT = dwarf;
				ENABLE_STRICT_OBJC_MSGSEND = YES;
				ENABLE_TESTABILITY = YES;
				GCC_C_LANGUAGE_STANDARD = gnu11;
				GCC_DYNAMIC_NO_PIC = NO;
				GCC_NO_COMMON_BLOCKS = YES;
				GCC_OPTIMIZATION_LEVEL = 0;
				GCC_PREPROCESSOR_DEFINITIONS = (
					"DEBUG=1",
					"$(inherited)",
				);
				GCC_WARN_64_TO_32_BIT_CONVERSION = YES;
				GCC_WARN_ABOUT_RETURN_TYPE = YES_ERROR;
				GCC_WARN_UNDECLARED_SELECTOR = YES;
				GCC_WARN_UNINITIALIZED_AUTOS = YES_AGGRESSIVE;
				GCC_WARN_UNUSED_FUNCTION = YES;
				GCC_WARN_UNUSED_VARIABLE = YES;
				IPHONEOS_DEPLOYMENT_TARGET = 16.2;
				MTL_ENABLE_DEBUG_INFO = INCLUDE_SOURCE;
				MTL_FAST_MATH = YES;
				ONLY_ACTIVE_ARCH = YES;
				SDKROOT = iphoneos;
				SWIFT_ACTIVE_COMPILATION_CONDITIONS = DEBUG;
				SWIFT_OPTIMIZATION_LEVEL = "-Onone";
			};
			name = Debug;
		};
		377474B62A804BCD00E3FB7C /* Release */ = {
			isa = XCBuildConfiguration;
			buildSettings = {
				ALWAYS_SEARCH_USER_PATHS = NO;
				CLANG_ANALYZER_LOCALIZABILITY_NONLOCALIZED = YES;
				CLANG_ANALYZER_NONNULL = YES;
				CLANG_ANALYZER_NUMBER_OBJECT_CONVERSION = YES_AGGRESSIVE;
				CLANG_CXX_LANGUAGE_STANDARD = "gnu++20";
				CLANG_ENABLE_MODULES = YES;
				CLANG_ENABLE_OBJC_ARC = YES;
				CLANG_ENABLE_OBJC_WEAK = YES;
				CLANG_WARN_BLOCK_CAPTURE_AUTORELEASING = YES;
				CLANG_WARN_BOOL_CONVERSION = YES;
				CLANG_WARN_COMMA = YES;
				CLANG_WARN_CONSTANT_CONVERSION = YES;
				CLANG_WARN_DEPRECATED_OBJC_IMPLEMENTATIONS = YES;
				CLANG_WARN_DIRECT_OBJC_ISA_USAGE = YES_ERROR;
				CLANG_WARN_DOCUMENTATION_COMMENTS = YES;
				CLANG_WARN_EMPTY_BODY = YES;
				CLANG_WARN_ENUM_CONVERSION = YES;
				CLANG_WARN_INFINITE_RECURSION = YES;
				CLANG_WARN_INT_CONVERSION = YES;
				CLANG_WARN_NON_LITERAL_NULL_CONVERSION = YES;
				CLANG_WARN_OBJC_IMPLICIT_RETAIN_SELF = YES;
				CLANG_WARN_OBJC_LITERAL_CONVERSION = YES;
				CLANG_WARN_OBJC_ROOT_CLASS = YES_ERROR;
				CLANG_WARN_QUOTED_INCLUDE_IN_FRAMEWORK_HEADER = YES;
				CLANG_WARN_RANGE_LOOP_ANALYSIS = YES;
				CLANG_WARN_STRICT_PROTOTYPES = YES;
				CLANG_WARN_SUSPICIOUS_MOVE = YES;
				CLANG_WARN_UNGUARDED_AVAILABILITY = YES_AGGRESSIVE;
				CLANG_WARN_UNREACHABLE_CODE = YES;
				CLANG_WARN__DUPLICATE_METHOD_MATCH = YES;
				COPY_PHASE_STRIP = NO;
				DEBUG_INFORMATION_FORMAT = "dwarf-with-dsym";
				ENABLE_NS_ASSERTIONS = NO;
				ENABLE_STRICT_OBJC_MSGSEND = YES;
				GCC_C_LANGUAGE_STANDARD = gnu11;
				GCC_NO_COMMON_BLOCKS = YES;
				GCC_WARN_64_TO_32_BIT_CONVERSION = YES;
				GCC_WARN_ABOUT_RETURN_TYPE = YES_ERROR;
				GCC_WARN_UNDECLARED_SELECTOR = YES;
				GCC_WARN_UNINITIALIZED_AUTOS = YES_AGGRESSIVE;
				GCC_WARN_UNUSED_FUNCTION = YES;
				GCC_WARN_UNUSED_VARIABLE = YES;
				IPHONEOS_DEPLOYMENT_TARGET = 16.2;
				MTL_ENABLE_DEBUG_INFO = NO;
				MTL_FAST_MATH = YES;
				SDKROOT = iphoneos;
				SWIFT_COMPILATION_MODE = wholemodule;
				SWIFT_OPTIMIZATION_LEVEL = "-O";
				VALIDATE_PRODUCT = YES;
			};
			name = Release;
		};
		377474B82A804BCD00E3FB7C /* Debug */ = {
			isa = XCBuildConfiguration;
			buildSettings = {
				ASSETCATALOG_COMPILER_APPICON_NAME = AppIcon;
				ASSETCATALOG_COMPILER_GLOBAL_ACCENT_COLOR_NAME = AccentColor;
				CODE_SIGN_STYLE = Automatic;
				CURRENT_PROJECT_VERSION = 1;
				DEVELOPMENT_TEAM = KBJ55Q96F8;
				GENERATE_INFOPLIST_FILE = YES;
				INFOPLIST_FILE = "Balancyй/Info.plist";
				INFOPLIST_KEY_NSPhotoLibraryUsageDescription = "Please grant the access to a photo library to pick the profile picture from";
				INFOPLIST_KEY_UIApplicationSupportsIndirectInputEvents = YES;
				INFOPLIST_KEY_UILaunchStoryboardName = LaunchScreen;
				INFOPLIST_KEY_UIMainStoryboardFile = Main;
				INFOPLIST_KEY_UISupportedInterfaceOrientations = UIInterfaceOrientationPortrait;
				INFOPLIST_KEY_UISupportedInterfaceOrientations_iPad = "UIInterfaceOrientationLandscapeLeft UIInterfaceOrientationLandscapeRight UIInterfaceOrientationPortrait UIInterfaceOrientationPortraitUpsideDown";
				LD_RUNPATH_SEARCH_PATHS = (
					"$(inherited)",
					"@executable_path/Frameworks",
				);
				MARKETING_VERSION = 1.0;
				PRODUCT_BUNDLE_IDENTIFIER = "Gerashkl.Balancy--";
				PRODUCT_NAME = "$(TARGET_NAME)";
				SUPPORTED_PLATFORMS = "iphoneos iphonesimulator";
				SUPPORTS_MACCATALYST = NO;
				SUPPORTS_MAC_DESIGNED_FOR_IPHONE_IPAD = NO;
				SUPPORTS_XR_DESIGNED_FOR_IPHONE_IPAD = NO;
				SWIFT_EMIT_LOC_STRINGS = YES;
				SWIFT_VERSION = 5.0;
				TARGETED_DEVICE_FAMILY = 1;
			};
			name = Debug;
		};
		377474B92A804BCD00E3FB7C /* Release */ = {
			isa = XCBuildConfiguration;
			buildSettings = {
				ASSETCATALOG_COMPILER_APPICON_NAME = AppIcon;
				ASSETCATALOG_COMPILER_GLOBAL_ACCENT_COLOR_NAME = AccentColor;
				CODE_SIGN_STYLE = Automatic;
				CURRENT_PROJECT_VERSION = 1;
				DEVELOPMENT_TEAM = KBJ55Q96F8;
				GENERATE_INFOPLIST_FILE = YES;
				INFOPLIST_FILE = "Balancyй/Info.plist";
				INFOPLIST_KEY_NSPhotoLibraryUsageDescription = "Please grant the access to a photo library to pick the profile picture from";
				INFOPLIST_KEY_UIApplicationSupportsIndirectInputEvents = YES;
				INFOPLIST_KEY_UILaunchStoryboardName = LaunchScreen;
				INFOPLIST_KEY_UIMainStoryboardFile = Main;
				INFOPLIST_KEY_UISupportedInterfaceOrientations = UIInterfaceOrientationPortrait;
				INFOPLIST_KEY_UISupportedInterfaceOrientations_iPad = "UIInterfaceOrientationLandscapeLeft UIInterfaceOrientationLandscapeRight UIInterfaceOrientationPortrait UIInterfaceOrientationPortraitUpsideDown";
				LD_RUNPATH_SEARCH_PATHS = (
					"$(inherited)",
					"@executable_path/Frameworks",
				);
				MARKETING_VERSION = 1.0;
				PRODUCT_BUNDLE_IDENTIFIER = "Gerashkl.Balancy--";
				PRODUCT_NAME = "$(TARGET_NAME)";
				SUPPORTED_PLATFORMS = "iphoneos iphonesimulator";
				SUPPORTS_MACCATALYST = NO;
				SUPPORTS_MAC_DESIGNED_FOR_IPHONE_IPAD = NO;
				SUPPORTS_XR_DESIGNED_FOR_IPHONE_IPAD = NO;
				SWIFT_EMIT_LOC_STRINGS = YES;
				SWIFT_VERSION = 5.0;
				TARGETED_DEVICE_FAMILY = 1;
			};
			name = Release;
		};
/* End XCBuildConfiguration section */

/* Begin XCConfigurationList section */
		3774749E2A804BCB00E3FB7C /* Build configuration list for PBXProject "Balancy" */ = {
			isa = XCConfigurationList;
			buildConfigurations = (
				377474B52A804BCD00E3FB7C /* Debug */,
				377474B62A804BCD00E3FB7C /* Release */,
			);
			defaultConfigurationIsVisible = 0;
			defaultConfigurationName = Release;
		};
		377474B72A804BCD00E3FB7C /* Build configuration list for PBXNativeTarget "Balancy" */ = {
			isa = XCConfigurationList;
			buildConfigurations = (
				377474B82A804BCD00E3FB7C /* Debug */,
				377474B92A804BCD00E3FB7C /* Release */,
			);
			defaultConfigurationIsVisible = 0;
			defaultConfigurationName = Release;
		};
/* End XCConfigurationList section */
	};
	rootObject = 3774749B2A804BCB00E3FB7C /* Project object */;
}
